
Microsoft Visual Studio Solution File, Format Version 12.00
# Visual Studio 15
VisualStudioVersion = 15.0.26430.4
MinimumVisualStudioVersion = 10.0.40219.1
Project("{8BC9CEB8-8B4A-11D0-8D11-00A0C91BC942}") = "sfbash", "sfbash\sfbash.vcxproj", "{65B29694-9E9B-4D61-B210-AC0FA8E81B85}"
EndProject
Global
	GlobalSection(SolutionConfigurationPlatforms) = preSolution
		Debug|x64 = Debug|x64
		Debug|x86 = Debug|x86
		Release|x64 = Release|x64
		Release|x86 = Release|x86
	EndGlobalSection
	GlobalSection(ProjectConfigurationPlatforms) = postSolution
		{65B29694-9E9B-4D61-B210-AC0FA8E81B85}.Debug|x64.ActiveCfg = Debug|x64
		{65B29694-9E9B-4D61-B210-AC0FA8E81B85}.Debug|x64.Build.0 = Debug|x64
		{65B29694-9E9B-4D61-B210-AC0FA8E81B85}.Debug|x86.ActiveCfg = Debug|Win32
		{65B29694-9E9B-4D61-B210-AC0FA8E81B85}.Debug|x86.Build.0 = Debug|Win32
		{65B29694-9E9B-4D61-B210-AC0FA8E81B85}.Release|x64.ActiveCfg = Release|x64
		{65B29694-9E9B-4D61-B210-AC0FA8E81B85}.Release|x64.Build.0 = Release|x64
		{65B29694-9E9B-4D61-B210-AC0FA8E81B85}.Release|x86.ActiveCfg = Release|Win32
		{65B29694-9E9B-4D61-B210-AC0FA8E81B85}.Release|x86.Build.0 = Release|Win32
	EndGlobalSection
	GlobalSection(SolutionProperties) = preSolution
		HideSolutionNode = FALSE
	EndGlobalSection
EndGlobal
